
Microsoft Visual Studio Solution File, Format Version 12.00
# Visual Studio Version 16
VisualStudioVersion = 16.0.31019.35
MinimumVisualStudioVersion = 10.0.40219.1
Project("{FAE04EC0-301F-11D3-BF4B-00C04F79EFBC}") = "APIObterJuros", "APIObterJuros\APIObterJuros.csproj", "{D9C1AE8F-7A2F-4614-9693-98E98C5792EA}"
EndProject
Global
	GlobalSection(SolutionConfigurationPlatforms) = preSolution
		Debug|Any CPU = Debug|Any CPU
		Release|Any CPU = Release|Any CPU
	EndGlobalSection
	GlobalSection(ProjectConfigurationPlatforms) = postSolution
		{D9C1AE8F-7A2F-4614-9693-98E98C5792EA}.Debug|Any CPU.ActiveCfg = Debug|Any CPU
		{D9C1AE8F-7A2F-4614-9693-98E98C5792EA}.Debug|Any CPU.Build.0 = Debug|Any CPU
		{D9C1AE8F-7A2F-4614-9693-98E98C5792EA}.Release|Any CPU.ActiveCfg = Release|Any CPU
		{D9C1AE8F-7A2F-4614-9693-98E98C5792EA}.Release|Any CPU.Build.0 = Release|Any CPU
	EndGlobalSection
	GlobalSection(SolutionProperties) = preSolution
		HideSolutionNode = FALSE
	EndGlobalSection
	GlobalSection(ExtensibilityGlobals) = postSolution
		SolutionGuid = {2E930889-B1C2-421F-B0B4-EDCB65224315}
	EndGlobalSection
EndGlobal
